
Microsoft Visual Studio Solution File, Format Version 12.00
# Visual Studio Version 17
VisualStudioVersion = 17.8.34330.188
MinimumVisualStudioVersion = 10.0.40219.1
Project("{FAE04EC0-301F-11D3-BF4B-00C04F79EFBC}") = "CleanMovie.Domain", "CleanMovie.Domain\CleanMovie.Domain.csproj", "{50FDDA37-5004-4207-8D9A-0E1F7AEC3407}"
EndProject
Project("{FAE04EC0-301F-11D3-BF4B-00C04F79EFBC}") = "CleanMovie.Application", "CleanMovie.Application\CleanMovie.Application.csproj", "{63FE0384-B395-404E-B883-086B1FDECACF}"
EndProject
Project("{FAE04EC0-301F-11D3-BF4B-00C04F79EFBC}") = "CleanMovie.Infrastructure", "CleanMovie.Infrastructure\CleanMovie.Infrastructure.csproj", "{A089E69B-4387-41C1-8ED1-C5E0FD457FAF}"
EndProject
Project("{FAE04EC0-301F-11D3-BF4B-00C04F79EFBC}") = "CleanMovie.Api", "CleanMovie.Api\CleanMovie.Api.csproj", "{4CC84F04-716A-431F-AB0C-0783DAEB4391}"
EndProject
Global
	GlobalSection(SolutionConfigurationPlatforms) = preSolution
		Debug|Any CPU = Debug|Any CPU
		Release|Any CPU = Release|Any CPU
	EndGlobalSection
	GlobalSection(ProjectConfigurationPlatforms) = postSolution
		{50FDDA37-5004-4207-8D9A-0E1F7AEC3407}.Debug|Any CPU.ActiveCfg = Debug|Any CPU
		{50FDDA37-5004-4207-8D9A-0E1F7AEC3407}.Debug|Any CPU.Build.0 = Debug|Any CPU
		{50FDDA37-5004-4207-8D9A-0E1F7AEC3407}.Release|Any CPU.ActiveCfg = Release|Any CPU
		{50FDDA37-5004-4207-8D9A-0E1F7AEC3407}.Release|Any CPU.Build.0 = Release|Any CPU
		{63FE0384-B395-404E-B883-086B1FDECACF}.Debug|Any CPU.ActiveCfg = Debug|Any CPU
		{63FE0384-B395-404E-B883-086B1FDECACF}.Debug|Any CPU.Build.0 = Debug|Any CPU
		{63FE0384-B395-404E-B883-086B1FDECACF}.Release|Any CPU.ActiveCfg = Release|Any CPU
		{63FE0384-B395-404E-B883-086B1FDECACF}.Release|Any CPU.Build.0 = Release|Any CPU
		{A089E69B-4387-41C1-8ED1-C5E0FD457FAF}.Debug|Any CPU.ActiveCfg = Debug|Any CPU
		{A089E69B-4387-41C1-8ED1-C5E0FD457FAF}.Debug|Any CPU.Build.0 = Debug|Any CPU
		{A089E69B-4387-41C1-8ED1-C5E0FD457FAF}.Release|Any CPU.ActiveCfg = Release|Any CPU
		{A089E69B-4387-41C1-8ED1-C5E0FD457FAF}.Release|Any CPU.Build.0 = Release|Any CPU
		{4CC84F04-716A-431F-AB0C-0783DAEB4391}.Debug|Any CPU.ActiveCfg = Debug|Any CPU
		{4CC84F04-716A-431F-AB0C-0783DAEB4391}.Debug|Any CPU.Build.0 = Debug|Any CPU
		{4CC84F04-716A-431F-AB0C-0783DAEB4391}.Release|Any CPU.ActiveCfg = Release|Any CPU
		{4CC84F04-716A-431F-AB0C-0783DAEB4391}.Release|Any CPU.Build.0 = Release|Any CPU
	EndGlobalSection
	GlobalSection(SolutionProperties) = preSolution
		HideSolutionNode = FALSE
	EndGlobalSection
	GlobalSection(ExtensibilityGlobals) = postSolution
		SolutionGuid = {419D3F4D-6581-4DF0-A5B7-E9D1B475CDB2}
	EndGlobalSection
EndGlobal
